
Microsoft Visual Studio Solution File, Format Version 12.00
# Visual Studio 2015
Project("{FAE04EC0-301F-11D3-BF4B-00C04F79EFBC}") = "pre_last_build_2d.CSharp.Plugins", "pre_last_build_2d.CSharp.Plugins.csproj", "{5F670A6D-0BBE-0FE4-2C96-7D2BC2148728}"
EndProject
Project("{FAE04EC0-301F-11D3-BF4B-00C04F79EFBC}") = "pre_last_build_2d.CSharp", "pre_last_build_2d.CSharp.csproj", "{0CE32BBF-7BBA-FA6A-2725-561C19FC2B38}"
EndProject
Global
	GlobalSection(SolutionConfigurationPlatforms) = preSolution
		Debug|Any CPU = Debug|Any CPU
		Release|Any CPU = Release|Any CPU
	EndGlobalSection
	GlobalSection(ProjectConfigurationPlatforms) = postSolution
		{5F670A6D-0BBE-0FE4-2C96-7D2BC2148728}.Debug|Any CPU.ActiveCfg = Debug|Any CPU
		{5F670A6D-0BBE-0FE4-2C96-7D2BC2148728}.Debug|Any CPU.Build.0 = Debug|Any CPU
		{5F670A6D-0BBE-0FE4-2C96-7D2BC2148728}.Release|Any CPU.ActiveCfg = Release|Any CPU
		{5F670A6D-0BBE-0FE4-2C96-7D2BC2148728}.Release|Any CPU.Build.0 = Release|Any CPU
		{0CE32BBF-7BBA-FA6A-2725-561C19FC2B38}.Debug|Any CPU.ActiveCfg = Debug|Any CPU
		{0CE32BBF-7BBA-FA6A-2725-561C19FC2B38}.Debug|Any CPU.Build.0 = Debug|Any CPU
		{0CE32BBF-7BBA-FA6A-2725-561C19FC2B38}.Release|Any CPU.ActiveCfg = Release|Any CPU
		{0CE32BBF-7BBA-FA6A-2725-561C19FC2B38}.Release|Any CPU.Build.0 = Release|Any CPU
	EndGlobalSection
	GlobalSection(SolutionProperties) = preSolution
		HideSolutionNode = FALSE
	EndGlobalSection
EndGlobal
