Microsoft Visual Studio Solution File, Format Version 11.00
# Visual Studio 2008

Project("{F5F4B2A8-D822-53A9-5BE7-2E3D650AD3BD}") = "pre_last_build_2d_tut", "Assembly-CSharp-firstpass.csproj", "{D5C010D3-ADD0-F754-3C44-831ED002E0E6}"
EndProject
Project("{F5F4B2A8-D822-53A9-5BE7-2E3D650AD3BD}") = "pre_last_build_2d_tut", "Assembly-CSharp.csproj", "{9F2D3757-D085-C9F7-0268-2D137279749C}"
EndProject
Global
	GlobalSection(SolutionConfigurationPlatforms) = preSolution
		Debug|Any CPU = Debug|Any CPU
		Release|Any CPU = Release|Any CPU
	EndGlobalSection
	GlobalSection(ProjectConfigurationPlatforms) = postSolution
		{D5C010D3-ADD0-F754-3C44-831ED002E0E6}.Debug|Any CPU.ActiveCfg = Debug|Any CPU
		{D5C010D3-ADD0-F754-3C44-831ED002E0E6}.Debug|Any CPU.Build.0 = Debug|Any CPU
		{D5C010D3-ADD0-F754-3C44-831ED002E0E6}.Release|Any CPU.ActiveCfg = Release|Any CPU
		{D5C010D3-ADD0-F754-3C44-831ED002E0E6}.Release|Any CPU.Build.0 = Release|Any CPU
		{9F2D3757-D085-C9F7-0268-2D137279749C}.Debug|Any CPU.ActiveCfg = Debug|Any CPU
		{9F2D3757-D085-C9F7-0268-2D137279749C}.Debug|Any CPU.Build.0 = Debug|Any CPU
		{9F2D3757-D085-C9F7-0268-2D137279749C}.Release|Any CPU.ActiveCfg = Release|Any CPU
		{9F2D3757-D085-C9F7-0268-2D137279749C}.Release|Any CPU.Build.0 = Release|Any CPU
	EndGlobalSection
	GlobalSection(SolutionProperties) = preSolution
		HideSolutionNode = FALSE
	EndGlobalSection
					GlobalSection(MonoDevelopProperties) = preSolution
		StartupItem = Assembly-CSharp.csproj
		Policies = $0
		$0.TextStylePolicy = $1
		$1.inheritsSet = null
		$1.scope = text/x-csharp
		$0.CSharpFormattingPolicy = $2
		$2.inheritsSet = Mono
		$2.inheritsScope = text/x-csharp
		$2.scope = text/x-csharp
		$0.TextStylePolicy = $3
		$3.FileWidth = 120
		$3.TabWidth = 4
		$3.IndentWidth = 4
		$3.EolMarker = Unix
		$3.inheritsSet = Mono
		$3.inheritsScope = text/plain
		$3.scope = text/plain
	EndGlobalSection

EndGlobal
